// !$*UTF8*$!
{
	archiveVersion = 1;
	classes = {
	};
	objectVersion = 55;
	objects = {

/* Begin PBXBuildFile section */
		0E00226B28F81FCD00955384 /* SQLite in Frameworks */ = {isa = PBXBuildFile; productRef = 0E00226A28F81FCD00955384 /* SQLite */; };
		0E00226D28F82AB200955384 /* SQLiteCommands.swift in Sources */ = {isa = PBXBuildFile; fileRef = 0E00226C28F82AB200955384 /* SQLiteCommands.swift */; };
		0E00226E28F82AB200955384 /* SQLiteCommands.swift in Sources */ = {isa = PBXBuildFile; fileRef = 0E00226C28F82AB200955384 /* SQLiteCommands.swift */; };
		0E2691ED28F6C7DE00CCFB47 /* RecipeCard.swift in Sources */ = {isa = PBXBuildFile; fileRef = 0E2691EC28F6C7DE00CCFB47 /* RecipeCard.swift */; };
		0E2691EE28F6C7DE00CCFB47 /* RecipeCard.swift in Sources */ = {isa = PBXBuildFile; fileRef = 0E2691EC28F6C7DE00CCFB47 /* RecipeCard.swift */; };
		0E2691F028F6ECE900CCFB47 /* UserModel.swift in Sources */ = {isa = PBXBuildFile; fileRef = 0E2691EF28F6ECE900CCFB47 /* UserModel.swift */; };
		0E2691F128F6ECE900CCFB47 /* UserModel.swift in Sources */ = {isa = PBXBuildFile; fileRef = 0E2691EF28F6ECE900CCFB47 /* UserModel.swift */; };
		0E91B58128C2CBB900C63D59 /* Tests_iOS.swift in Sources */ = {isa = PBXBuildFile; fileRef = 0E91B58028C2CBB900C63D59 /* Tests_iOS.swift */; };
		0E91B58328C2CBB900C63D59 /* Tests_iOSLaunchTests.swift in Sources */ = {isa = PBXBuildFile; fileRef = 0E91B58228C2CBB900C63D59 /* Tests_iOSLaunchTests.swift */; };
		0E91B58D28C2CBB900C63D59 /* Tests_macOS.swift in Sources */ = {isa = PBXBuildFile; fileRef = 0E91B58C28C2CBB900C63D59 /* Tests_macOS.swift */; };
		0E91B58F28C2CBB900C63D59 /* Tests_macOSLaunchTests.swift in Sources */ = {isa = PBXBuildFile; fileRef = 0E91B58E28C2CBB900C63D59 /* Tests_macOSLaunchTests.swift */; };
		0E91B59028C2CBB900C63D59 /* RecipeAppApp.swift in Sources */ = {isa = PBXBuildFile; fileRef = 0E91B56828C2CBB700C63D59 /* RecipeAppApp.swift */; };
		0E91B59128C2CBB900C63D59 /* RecipeAppApp.swift in Sources */ = {isa = PBXBuildFile; fileRef = 0E91B56828C2CBB700C63D59 /* RecipeAppApp.swift */; };
		0E91B59228C2CBB900C63D59 /* ContentView.swift in Sources */ = {isa = PBXBuildFile; fileRef = 0E91B56928C2CBB700C63D59 /* ContentView.swift */; };
		0E91B59328C2CBB900C63D59 /* ContentView.swift in Sources */ = {isa = PBXBuildFile; fileRef = 0E91B56928C2CBB700C63D59 /* ContentView.swift */; };
		0E91B59428C2CBB900C63D59 /* Assets.xcassets in Resources */ = {isa = PBXBuildFile; fileRef = 0E91B56A28C2CBB900C63D59 /* Assets.xcassets */; };
		0E91B59528C2CBB900C63D59 /* Assets.xcassets in Resources */ = {isa = PBXBuildFile; fileRef = 0E91B56A28C2CBB900C63D59 /* Assets.xcassets */; };
		0E91B5B328C2D6B300C63D59 /* HomeView.swift in Sources */ = {isa = PBXBuildFile; fileRef = 0E91B5B228C2D6B300C63D59 /* HomeView.swift */; };
		0E91B5B428C2D6B300C63D59 /* HomeView.swift in Sources */ = {isa = PBXBuildFile; fileRef = 0E91B5B228C2D6B300C63D59 /* HomeView.swift */; };
		0E91B5B628C2D6C300C63D59 /* CategoriesView.swift in Sources */ = {isa = PBXBuildFile; fileRef = 0E91B5B528C2D6C300C63D59 /* CategoriesView.swift */; };
		0E91B5B728C2D6C300C63D59 /* CategoriesView.swift in Sources */ = {isa = PBXBuildFile; fileRef = 0E91B5B528C2D6C300C63D59 /* CategoriesView.swift */; };
		0E91B5BC28C2D6E500C63D59 /* FavoritesView.swift in Sources */ = {isa = PBXBuildFile; fileRef = 0E91B5BB28C2D6E500C63D59 /* FavoritesView.swift */; };
		0E91B5BD28C2D6E500C63D59 /* FavoritesView.swift in Sources */ = {isa = PBXBuildFile; fileRef = 0E91B5BB28C2D6E500C63D59 /* FavoritesView.swift */; };
		0E91B5C428C2DA7300C63D59 /* TabBar.swift in Sources */ = {isa = PBXBuildFile; fileRef = 0E91B5C328C2DA7300C63D59 /* TabBar.swift */; };
		0E91B5C528C2DA7300C63D59 /* TabBar.swift in Sources */ = {isa = PBXBuildFile; fileRef = 0E91B5C328C2DA7300C63D59 /* TabBar.swift */; };
		0E91B5C928C415E700C63D59 /* RecipeModel.swift in Sources */ = {isa = PBXBuildFile; fileRef = 0E91B5C828C415E700C63D59 /* RecipeModel.swift */; };
		0E91B5CA28C415E700C63D59 /* RecipeModel.swift in Sources */ = {isa = PBXBuildFile; fileRef = 0E91B5C828C415E700C63D59 /* RecipeModel.swift */; };
		0E91B5D128C4969800C63D59 /* RecipeList.swift in Sources */ = {isa = PBXBuildFile; fileRef = 0E91B5D028C4969800C63D59 /* RecipeList.swift */; };
		0E91B5D228C4969800C63D59 /* RecipeList.swift in Sources */ = {isa = PBXBuildFile; fileRef = 0E91B5D028C4969800C63D59 /* RecipeList.swift */; };
		0E91B5D428C4C76700C63D59 /* RecipeView.swift in Sources */ = {isa = PBXBuildFile; fileRef = 0E91B5D328C4C76700C63D59 /* RecipeView.swift */; };
		0E91B5D528C4C76700C63D59 /* RecipeView.swift in Sources */ = {isa = PBXBuildFile; fileRef = 0E91B5D328C4C76700C63D59 /* RecipeView.swift */; };
		0E91B5D728C4D81D00C63D59 /* CategoryView.swift in Sources */ = {isa = PBXBuildFile; fileRef = 0E91B5D628C4D81D00C63D59 /* CategoryView.swift */; };
		0E91B5D828C4D81D00C63D59 /* CategoryView.swift in Sources */ = {isa = PBXBuildFile; fileRef = 0E91B5D628C4D81D00C63D59 /* CategoryView.swift */; };
		0E91B5DA28C4DBAC00C63D59 /* AddRecipeView.swift in Sources */ = {isa = PBXBuildFile; fileRef = 0E91B5D928C4DBAC00C63D59 /* AddRecipeView.swift */; };
		0E91B5DB28C4DBAC00C63D59 /* AddRecipeView.swift in Sources */ = {isa = PBXBuildFile; fileRef = 0E91B5D928C4DBAC00C63D59 /* AddRecipeView.swift */; };
		0EB58B2C28DF492F009B2389 /* Database.swift in Sources */ = {isa = PBXBuildFile; fileRef = 0EB58B2B28DF492F009B2389 /* Database.swift */; };
		0EB58B2D28DF492F009B2389 /* Database.swift in Sources */ = {isa = PBXBuildFile; fileRef = 0EB58B2B28DF492F009B2389 /* Database.swift */; };
		0EE0139F28C80E9100FFBF67 /* RecipesViewModel.swift in Sources */ = {isa = PBXBuildFile; fileRef = 0EE0139E28C80E9100FFBF67 /* RecipesViewModel.swift */; };
		A001AA9B4526E43510E80F42 /* Pods_RecipeApp__iOS_.framework in Frameworks */ = {isa = PBXBuildFile; fileRef = 3ADFC6782CB66ABCDA0F95AF /* Pods_RecipeApp__iOS_.framework */; };
		E47529591F46F47F09377E78 /* Pods_RecipeApp__macOS_.framework in Frameworks */ = {isa = PBXBuildFile; fileRef = 1631347C31E420A26DDFA271 /* Pods_RecipeApp__macOS_.framework */; };
/* End PBXBuildFile section */

/* Begin PBXContainerItemProxy section */
		0E91B57D28C2CBB900C63D59 /* PBXContainerItemProxy */ = {
			isa = PBXContainerItemProxy;
			containerPortal = 0E91B56328C2CBB700C63D59 /* Project object */;
			proxyType = 1;
			remoteGlobalIDString = 0E91B56E28C2CBB900C63D59;
			remoteInfo = "RecipeApp (iOS)";
		};
		0E91B58928C2CBB900C63D59 /* PBXContainerItemProxy */ = {
			isa = PBXContainerItemProxy;
			containerPortal = 0E91B56328C2CBB700C63D59 /* Project object */;
			proxyType = 1;
			remoteGlobalIDString = 0E91B57428C2CBB900C63D59;
			remoteInfo = "RecipeApp (macOS)";
		};
/* End PBXContainerItemProxy section */

/* Begin PBXFileReference section */
		0E00226C28F82AB200955384 /* SQLiteCommands.swift */ = {isa = PBXFileReference; lastKnownFileType = sourcecode.swift; path = SQLiteCommands.swift; sourceTree = "<group>"; };
		0E2691EC28F6C7DE00CCFB47 /* RecipeCard.swift */ = {isa = PBXFileReference; lastKnownFileType = sourcecode.swift; path = RecipeCard.swift; sourceTree = "<group>"; };
		0E2691EF28F6ECE900CCFB47 /* UserModel.swift */ = {isa = PBXFileReference; lastKnownFileType = sourcecode.swift; path = UserModel.swift; sourceTree = "<group>"; };
		0E91B56828C2CBB700C63D59 /* RecipeAppApp.swift */ = {isa = PBXFileReference; lastKnownFileType = sourcecode.swift; path = RecipeAppApp.swift; sourceTree = "<group>"; };
		0E91B56928C2CBB700C63D59 /* ContentView.swift */ = {isa = PBXFileReference; lastKnownFileType = sourcecode.swift; path = ContentView.swift; sourceTree = "<group>"; };
		0E91B56A28C2CBB900C63D59 /* Assets.xcassets */ = {isa = PBXFileReference; lastKnownFileType = folder.assetcatalog; path = Assets.xcassets; sourceTree = "<group>"; };
		0E91B56F28C2CBB900C63D59 /* RecipeApp.app */ = {isa = PBXFileReference; explicitFileType = wrapper.application; includeInIndex = 0; path = RecipeApp.app; sourceTree = BUILT_PRODUCTS_DIR; };
		0E91B57528C2CBB900C63D59 /* RecipeApp.app */ = {isa = PBXFileReference; explicitFileType = wrapper.application; includeInIndex = 0; path = RecipeApp.app; sourceTree = BUILT_PRODUCTS_DIR; };
		0E91B57728C2CBB900C63D59 /* macOS.entitlements */ = {isa = PBXFileReference; lastKnownFileType = text.plist.entitlements; path = macOS.entitlements; sourceTree = "<group>"; };
		0E91B57C28C2CBB900C63D59 /* Tests iOS.xctest */ = {isa = PBXFileReference; explicitFileType = wrapper.cfbundle; includeInIndex = 0; path = "Tests iOS.xctest"; sourceTree = BUILT_PRODUCTS_DIR; };
		0E91B58028C2CBB900C63D59 /* Tests_iOS.swift */ = {isa = PBXFileReference; lastKnownFileType = sourcecode.swift; path = Tests_iOS.swift; sourceTree = "<group>"; };
		0E91B58228C2CBB900C63D59 /* Tests_iOSLaunchTests.swift */ = {isa = PBXFileReference; lastKnownFileType = sourcecode.swift; path = Tests_iOSLaunchTests.swift; sourceTree = "<group>"; };
		0E91B58828C2CBB900C63D59 /* Tests macOS.xctest */ = {isa = PBXFileReference; explicitFileType = wrapper.cfbundle; includeInIndex = 0; path = "Tests macOS.xctest"; sourceTree = BUILT_PRODUCTS_DIR; };
		0E91B58C28C2CBB900C63D59 /* Tests_macOS.swift */ = {isa = PBXFileReference; lastKnownFileType = sourcecode.swift; path = Tests_macOS.swift; sourceTree = "<group>"; };
		0E91B58E28C2CBB900C63D59 /* Tests_macOSLaunchTests.swift */ = {isa = PBXFileReference; lastKnownFileType = sourcecode.swift; path = Tests_macOSLaunchTests.swift; sourceTree = "<group>"; };
		0E91B5B228C2D6B300C63D59 /* HomeView.swift */ = {isa = PBXFileReference; lastKnownFileType = sourcecode.swift; path = HomeView.swift; sourceTree = "<group>"; };
		0E91B5B528C2D6C300C63D59 /* CategoriesView.swift */ = {isa = PBXFileReference; lastKnownFileType = sourcecode.swift; path = CategoriesView.swift; sourceTree = "<group>"; };
		0E91B5BB28C2D6E500C63D59 /* FavoritesView.swift */ = {isa = PBXFileReference; lastKnownFileType = sourcecode.swift; path = FavoritesView.swift; sourceTree = "<group>"; };
		0E91B5C328C2DA7300C63D59 /* TabBar.swift */ = {isa = PBXFileReference; lastKnownFileType = sourcecode.swift; path = TabBar.swift; sourceTree = "<group>"; };
		0E91B5C828C415E700C63D59 /* RecipeModel.swift */ = {isa = PBXFileReference; lastKnownFileType = sourcecode.swift; path = RecipeModel.swift; sourceTree = "<group>"; };
		0E91B5D028C4969800C63D59 /* RecipeList.swift */ = {isa = PBXFileReference; lastKnownFileType = sourcecode.swift; path = RecipeList.swift; sourceTree = "<group>"; };
		0E91B5D328C4C76700C63D59 /* RecipeView.swift */ = {isa = PBXFileReference; lastKnownFileType = sourcecode.swift; path = RecipeView.swift; sourceTree = "<group>"; };
		0E91B5D628C4D81D00C63D59 /* CategoryView.swift */ = {isa = PBXFileReference; lastKnownFileType = sourcecode.swift; path = CategoryView.swift; sourceTree = "<group>"; };
		0E91B5D928C4DBAC00C63D59 /* AddRecipeView.swift */ = {isa = PBXFileReference; lastKnownFileType = sourcecode.swift; path = AddRecipeView.swift; sourceTree = "<group>"; };
		0EB58B2B28DF492F009B2389 /* Database.swift */ = {isa = PBXFileReference; lastKnownFileType = sourcecode.swift; path = Database.swift; sourceTree = "<group>"; };
		0EE0139E28C80E9100FFBF67 /* RecipesViewModel.swift */ = {isa = PBXFileReference; lastKnownFileType = sourcecode.swift; path = RecipesViewModel.swift; sourceTree = "<group>"; };
		1631347C31E420A26DDFA271 /* Pods_RecipeApp__macOS_.framework */ = {isa = PBXFileReference; explicitFileType = wrapper.framework; includeInIndex = 0; path = Pods_RecipeApp__macOS_.framework; sourceTree = BUILT_PRODUCTS_DIR; };
		349F368D1C30A9F7AA813FF0 /* Pods-RecipeApp (iOS).release.xcconfig */ = {isa = PBXFileReference; includeInIndex = 1; lastKnownFileType = text.xcconfig; name = "Pods-RecipeApp (iOS).release.xcconfig"; path = "Target Support Files/Pods-RecipeApp (iOS)/Pods-RecipeApp (iOS).release.xcconfig"; sourceTree = "<group>"; };
		395BEF2D19A1DACE4B2938D8 /* Pods-RecipeApp (iOS).debug.xcconfig */ = {isa = PBXFileReference; includeInIndex = 1; lastKnownFileType = text.xcconfig; name = "Pods-RecipeApp (iOS).debug.xcconfig"; path = "Target Support Files/Pods-RecipeApp (iOS)/Pods-RecipeApp (iOS).debug.xcconfig"; sourceTree = "<group>"; };
		3ADFC6782CB66ABCDA0F95AF /* Pods_RecipeApp__iOS_.framework */ = {isa = PBXFileReference; explicitFileType = wrapper.framework; includeInIndex = 0; path = Pods_RecipeApp__iOS_.framework; sourceTree = BUILT_PRODUCTS_DIR; };
		75C04B071E38365F84C0454E /* Pods-RecipeApp (macOS).release.xcconfig */ = {isa = PBXFileReference; includeInIndex = 1; lastKnownFileType = text.xcconfig; name = "Pods-RecipeApp (macOS).release.xcconfig"; path = "Target Support Files/Pods-RecipeApp (macOS)/Pods-RecipeApp (macOS).release.xcconfig"; sourceTree = "<group>"; };
		8D96B2D0590D7DB28308D07F /* Pods-RecipeApp (macOS).debug.xcconfig */ = {isa = PBXFileReference; includeInIndex = 1; lastKnownFileType = text.xcconfig; name = "Pods-RecipeApp (macOS).debug.xcconfig"; path = "Target Support Files/Pods-RecipeApp (macOS)/Pods-RecipeApp (macOS).debug.xcconfig"; sourceTree = "<group>"; };
/* End PBXFileReference section */

/* Begin PBXFrameworksBuildPhase section */
		0E91B56C28C2CBB900C63D59 /* Frameworks */ = {
			isa = PBXFrameworksBuildPhase;
			buildActionMask = 2147483647;
			files = (
				0E00226B28F81FCD00955384 /* SQLite in Frameworks */,
				A001AA9B4526E43510E80F42 /* Pods_RecipeApp__iOS_.framework in Frameworks */,
			);
			runOnlyForDeploymentPostprocessing = 0;
		};
		0E91B57228C2CBB900C63D59 /* Frameworks */ = {
			isa = PBXFrameworksBuildPhase;
			buildActionMask = 2147483647;
			files = (
				E47529591F46F47F09377E78 /* Pods_RecipeApp__macOS_.framework in Frameworks */,
			);
			runOnlyForDeploymentPostprocessing = 0;
		};
		0E91B57928C2CBB900C63D59 /* Frameworks */ = {
			isa = PBXFrameworksBuildPhase;
			buildActionMask = 2147483647;
			files = (
			);
			runOnlyForDeploymentPostprocessing = 0;
		};
		0E91B58528C2CBB900C63D59 /* Frameworks */ = {
			isa = PBXFrameworksBuildPhase;
			buildActionMask = 2147483647;
			files = (
			);
			runOnlyForDeploymentPostprocessing = 0;
		};
/* End PBXFrameworksBuildPhase section */

/* Begin PBXGroup section */
		06A2831636EE4909B3110634 /* Pods */ = {
			isa = PBXGroup;
			children = (
				395BEF2D19A1DACE4B2938D8 /* Pods-RecipeApp (iOS).debug.xcconfig */,
				349F368D1C30A9F7AA813FF0 /* Pods-RecipeApp (iOS).release.xcconfig */,
				8D96B2D0590D7DB28308D07F /* Pods-RecipeApp (macOS).debug.xcconfig */,
				75C04B071E38365F84C0454E /* Pods-RecipeApp (macOS).release.xcconfig */,
			);
			path = Pods;
			sourceTree = "<group>";
		};
		0E91B56228C2CBB700C63D59 = {
			isa = PBXGroup;
			children = (
				0E91B56728C2CBB700C63D59 /* Shared */,
				0E91B57628C2CBB900C63D59 /* macOS */,
				0E91B57F28C2CBB900C63D59 /* Tests iOS */,
				0E91B58B28C2CBB900C63D59 /* Tests macOS */,
				0E91B57028C2CBB900C63D59 /* Products */,
				06A2831636EE4909B3110634 /* Pods */,
				102D22346FD65B8FC8B70E67 /* Frameworks */,
			);
			sourceTree = "<group>";
		};
		0E91B56728C2CBB700C63D59 /* Shared */ = {
			isa = PBXGroup;
			children = (
				0E91B5C728C415CD00C63D59 /* Models */,
				0E91B5C628C415BD00C63D59 /* ViewModels */,
				0E91B5A428C2D58500C63D59 /* Views */,
				0E91B56828C2CBB700C63D59 /* RecipeAppApp.swift */,
				0E91B56A28C2CBB900C63D59 /* Assets.xcassets */,
			);
			path = Shared;
			sourceTree = "<group>";
		};
		0E91B57028C2CBB900C63D59 /* Products */ = {
			isa = PBXGroup;
			children = (
				0E91B56F28C2CBB900C63D59 /* RecipeApp.app */,
				0E91B57528C2CBB900C63D59 /* RecipeApp.app */,
				0E91B57C28C2CBB900C63D59 /* Tests iOS.xctest */,
				0E91B58828C2CBB900C63D59 /* Tests macOS.xctest */,
			);
			name = Products;
			sourceTree = "<group>";
		};
		0E91B57628C2CBB900C63D59 /* macOS */ = {
			isa = PBXGroup;
			children = (
				0E91B57728C2CBB900C63D59 /* macOS.entitlements */,
			);
			path = macOS;
			sourceTree = "<group>";
		};
		0E91B57F28C2CBB900C63D59 /* Tests iOS */ = {
			isa = PBXGroup;
			children = (
				0E91B58028C2CBB900C63D59 /* Tests_iOS.swift */,
				0E91B58228C2CBB900C63D59 /* Tests_iOSLaunchTests.swift */,
			);
			path = "Tests iOS";
			sourceTree = "<group>";
		};
		0E91B58B28C2CBB900C63D59 /* Tests macOS */ = {
			isa = PBXGroup;
			children = (
				0E91B58C28C2CBB900C63D59 /* Tests_macOS.swift */,
				0E91B58E28C2CBB900C63D59 /* Tests_macOSLaunchTests.swift */,
			);
			path = "Tests macOS";
			sourceTree = "<group>";
		};
		0E91B5A428C2D58500C63D59 /* Views */ = {
			isa = PBXGroup;
			children = (
				0E91B5A728C2D5B200C63D59 /* Components */,
				0E91B5A628C2D5A200C63D59 /* Detail */,
				0E91B5A528C2D59100C63D59 /* Main */,
			);
			path = Views;
			sourceTree = "<group>";
		};
		0E91B5A528C2D59100C63D59 /* Main */ = {
			isa = PBXGroup;
			children = (
				0E91B56928C2CBB700C63D59 /* ContentView.swift */,
				0E91B5C328C2DA7300C63D59 /* TabBar.swift */,
				0E91B5B228C2D6B300C63D59 /* HomeView.swift */,
				0E91B5B528C2D6C300C63D59 /* CategoriesView.swift */,
				0E91B5BB28C2D6E500C63D59 /* FavoritesView.swift */,
			);
			path = Main;
			sourceTree = "<group>";
		};
		0E91B5A628C2D5A200C63D59 /* Detail */ = {
			isa = PBXGroup;
			children = (
				0E91B5D628C4D81D00C63D59 /* CategoryView.swift */,
				0E91B5D928C4DBAC00C63D59 /* AddRecipeView.swift */,
				0E91B5D328C4C76700C63D59 /* RecipeView.swift */,
			);
			path = Detail;
			sourceTree = "<group>";
		};
		0E91B5A728C2D5B200C63D59 /* Components */ = {
			isa = PBXGroup;
			children = (
				0E91B5D028C4969800C63D59 /* RecipeList.swift */,
				0E2691EC28F6C7DE00CCFB47 /* RecipeCard.swift */,
			);
			path = Components;
			sourceTree = "<group>";
		};
		0E91B5C628C415BD00C63D59 /* ViewModels */ = {
			isa = PBXGroup;
			children = (
				0EE0139E28C80E9100FFBF67 /* RecipesViewModel.swift */,
			);
			path = ViewModels;
			sourceTree = "<group>";
		};
		0E91B5C728C415CD00C63D59 /* Models */ = {
			isa = PBXGroup;
			children = (
				0E91B5C828C415E700C63D59 /* RecipeModel.swift */,
				0EB58B2B28DF492F009B2389 /* Database.swift */,
				0E2691EF28F6ECE900CCFB47 /* UserModel.swift */,
				0E00226C28F82AB200955384 /* SQLiteCommands.swift */,
			);
			path = Models;
			sourceTree = "<group>";
		};
		102D22346FD65B8FC8B70E67 /* Frameworks */ = {
			isa = PBXGroup;
			children = (
				3ADFC6782CB66ABCDA0F95AF /* Pods_RecipeApp__iOS_.framework */,
				1631347C31E420A26DDFA271 /* Pods_RecipeApp__macOS_.framework */,
			);
			name = Frameworks;
			sourceTree = "<group>";
		};
/* End PBXGroup section */

/* Begin PBXNativeTarget section */
		0E91B56E28C2CBB900C63D59 /* RecipeApp (iOS) */ = {
			isa = PBXNativeTarget;
			buildConfigurationList = 0E91B59828C2CBB900C63D59 /* Build configuration list for PBXNativeTarget "RecipeApp (iOS)" */;
			buildPhases = (
				2AE83C7E29061B2E05390C4A /* [CP] Check Pods Manifest.lock */,
				0E91B56B28C2CBB900C63D59 /* Sources */,
				0E91B56C28C2CBB900C63D59 /* Frameworks */,
				0E91B56D28C2CBB900C63D59 /* Resources */,
			);
			buildRules = (
			);
			dependencies = (
			);
			name = "RecipeApp (iOS)";
			packageProductDependencies = (
				0E00226A28F81FCD00955384 /* SQLite */,
			);
			productName = "RecipeApp (iOS)";
			productReference = 0E91B56F28C2CBB900C63D59 /* RecipeApp.app */;
			productType = "com.apple.product-type.application";
		};
		0E91B57428C2CBB900C63D59 /* RecipeApp (macOS) */ = {
			isa = PBXNativeTarget;
			buildConfigurationList = 0E91B59B28C2CBB900C63D59 /* Build configuration list for PBXNativeTarget "RecipeApp (macOS)" */;
			buildPhases = (
				EF8D9975B2AC22340E8CA837 /* [CP] Check Pods Manifest.lock */,
				0E91B57128C2CBB900C63D59 /* Sources */,
				0E91B57228C2CBB900C63D59 /* Frameworks */,
				0E91B57328C2CBB900C63D59 /* Resources */,
			);
			buildRules = (
			);
			dependencies = (
			);
			name = "RecipeApp (macOS)";
			productName = "RecipeApp (macOS)";
			productReference = 0E91B57528C2CBB900C63D59 /* RecipeApp.app */;
			productType = "com.apple.product-type.application";
		};
		0E91B57B28C2CBB900C63D59 /* Tests iOS */ = {
			isa = PBXNativeTarget;
			buildConfigurationList = 0E91B59E28C2CBB900C63D59 /* Build configuration list for PBXNativeTarget "Tests iOS" */;
			buildPhases = (
				0E91B57828C2CBB900C63D59 /* Sources */,
				0E91B57928C2CBB900C63D59 /* Frameworks */,
				0E91B57A28C2CBB900C63D59 /* Resources */,
			);
			buildRules = (
			);
			dependencies = (
				0E91B57E28C2CBB900C63D59 /* PBXTargetDependency */,
			);
			name = "Tests iOS";
			productName = "Tests iOS";
			productReference = 0E91B57C28C2CBB900C63D59 /* Tests iOS.xctest */;
			productType = "com.apple.product-type.bundle.ui-testing";
		};
		0E91B58728C2CBB900C63D59 /* Tests macOS */ = {
			isa = PBXNativeTarget;
			buildConfigurationList = 0E91B5A128C2CBB900C63D59 /* Build configuration list for PBXNativeTarget "Tests macOS" */;
			buildPhases = (
				0E91B58428C2CBB900C63D59 /* Sources */,
				0E91B58528C2CBB900C63D59 /* Frameworks */,
				0E91B58628C2CBB900C63D59 /* Resources */,
			);
			buildRules = (
			);
			dependencies = (
				0E91B58A28C2CBB900C63D59 /* PBXTargetDependency */,
			);
			name = "Tests macOS";
			productName = "Tests macOS";
			productReference = 0E91B58828C2CBB900C63D59 /* Tests macOS.xctest */;
			productType = "com.apple.product-type.bundle.ui-testing";
		};
/* End PBXNativeTarget section */

/* Begin PBXProject section */
		0E91B56328C2CBB700C63D59 /* Project object */ = {
			isa = PBXProject;
			attributes = {
				BuildIndependentTargetsInParallel = 1;
				LastSwiftUpdateCheck = 1340;
				LastUpgradeCheck = 1340;
				TargetAttributes = {
					0E91B56E28C2CBB900C63D59 = {
						CreatedOnToolsVersion = 13.4.1;
					};
					0E91B57428C2CBB900C63D59 = {
						CreatedOnToolsVersion = 13.4.1;
					};
					0E91B57B28C2CBB900C63D59 = {
						CreatedOnToolsVersion = 13.4.1;
						TestTargetID = 0E91B56E28C2CBB900C63D59;
					};
					0E91B58728C2CBB900C63D59 = {
						CreatedOnToolsVersion = 13.4.1;
						TestTargetID = 0E91B57428C2CBB900C63D59;
					};
				};
			};
			buildConfigurationList = 0E91B56628C2CBB700C63D59 /* Build configuration list for PBXProject "RecipeApp" */;
			compatibilityVersion = "Xcode 13.0";
			developmentRegion = en;
			hasScannedForEncodings = 0;
			knownRegions = (
				en,
				Base,
			);
			mainGroup = 0E91B56228C2CBB700C63D59;
			packageReferences = (
				0E00226928F81FCD00955384 /* XCRemoteSwiftPackageReference "SQLite.swift" */,
			);
			productRefGroup = 0E91B57028C2CBB900C63D59 /* Products */;
			projectDirPath = "";
			projectRoot = "";
			targets = (
				0E91B56E28C2CBB900C63D59 /* RecipeApp (iOS) */,
				0E91B57428C2CBB900C63D59 /* RecipeApp (macOS) */,
				0E91B57B28C2CBB900C63D59 /* Tests iOS */,
				0E91B58728C2CBB900C63D59 /* Tests macOS */,
			);
		};
/* End PBXProject section */

/* Begin PBXResourcesBuildPhase section */
		0E91B56D28C2CBB900C63D59 /* Resources */ = {
			isa = PBXResourcesBuildPhase;
			buildActionMask = 2147483647;
			files = (
				0E91B59428C2CBB900C63D59 /* Assets.xcassets in Resources */,
			);
			runOnlyForDeploymentPostprocessing = 0;
		};
		0E91B57328C2CBB900C63D59 /* Resources */ = {
			isa = PBXResourcesBuildPhase;
			buildActionMask = 2147483647;
			files = (
				0E91B59528C2CBB900C63D59 /* Assets.xcassets in Resources */,
			);
			runOnlyForDeploymentPostprocessing = 0;
		};
		0E91B57A28C2CBB900C63D59 /* Resources */ = {
			isa = PBXResourcesBuildPhase;
			buildActionMask = 2147483647;
			files = (
			);
			runOnlyForDeploymentPostprocessing = 0;
		};
		0E91B58628C2CBB900C63D59 /* Resources */ = {
			isa = PBXResourcesBuildPhase;
			buildActionMask = 2147483647;
			files = (
			);
			runOnlyForDeploymentPostprocessing = 0;
		};
/* End PBXResourcesBuildPhase section */

/* Begin PBXShellScriptBuildPhase section */
		2AE83C7E29061B2E05390C4A /* [CP] Check Pods Manifest.lock */ = {
			isa = PBXShellScriptBuildPhase;
			buildActionMask = 2147483647;
			files = (
			);
			inputFileListPaths = (
			);
			inputPaths = (
				"${PODS_PODFILE_DIR_PATH}/Podfile.lock",
				"${PODS_ROOT}/Manifest.lock",
			);
			name = "[CP] Check Pods Manifest.lock";
			outputFileListPaths = (
			);
			outputPaths = (
				"$(DERIVED_FILE_DIR)/Pods-RecipeApp (iOS)-checkManifestLockResult.txt",
			);
			runOnlyForDeploymentPostprocessing = 0;
			shellPath = /bin/sh;
			shellScript = "diff \"${PODS_PODFILE_DIR_PATH}/Podfile.lock\" \"${PODS_ROOT}/Manifest.lock\" > /dev/null\nif [ $? != 0 ] ; then\n    # print error to STDERR\n    echo \"error: The sandbox is not in sync with the Podfile.lock. Run 'pod install' or update your CocoaPods installation.\" >&2\n    exit 1\nfi\n# This output is used by Xcode 'outputs' to avoid re-running this script phase.\necho \"SUCCESS\" > \"${SCRIPT_OUTPUT_FILE_0}\"\n";
			showEnvVarsInLog = 0;
		};
		EF8D9975B2AC22340E8CA837 /* [CP] Check Pods Manifest.lock */ = {
			isa = PBXShellScriptBuildPhase;
			buildActionMask = 2147483647;
			files = (
			);
			inputFileListPaths = (
			);
			inputPaths = (
				"${PODS_PODFILE_DIR_PATH}/Podfile.lock",
				"${PODS_ROOT}/Manifest.lock",
			);
			name = "[CP] Check Pods Manifest.lock";
			outputFileListPaths = (
			);
			outputPaths = (
				"$(DERIVED_FILE_DIR)/Pods-RecipeApp (macOS)-checkManifestLockResult.txt",
			);
			runOnlyForDeploymentPostprocessing = 0;
			shellPath = /bin/sh;
			shellScript = "diff \"${PODS_PODFILE_DIR_PATH}/Podfile.lock\" \"${PODS_ROOT}/Manifest.lock\" > /dev/null\nif [ $? != 0 ] ; then\n    # print error to STDERR\n    echo \"error: The sandbox is not in sync with the Podfile.lock. Run 'pod install' or update your CocoaPods installation.\" >&2\n    exit 1\nfi\n# This output is used by Xcode 'outputs' to avoid re-running this script phase.\necho \"SUCCESS\" > \"${SCRIPT_OUTPUT_FILE_0}\"\n";
			showEnvVarsInLog = 0;
		};
/* End PBXShellScriptBuildPhase section */

/* Begin PBXSourcesBuildPhase section */
		0E91B56B28C2CBB900C63D59 /* Sources */ = {
			isa = PBXSourcesBuildPhase;
			buildActionMask = 2147483647;
			files = (
				0E91B5DA28C4DBAC00C63D59 /* AddRecipeView.swift in Sources */,
				0E91B5B628C2D6C300C63D59 /* CategoriesView.swift in Sources */,
				0E91B5BC28C2D6E500C63D59 /* FavoritesView.swift in Sources */,
				0E00226D28F82AB200955384 /* SQLiteCommands.swift in Sources */,
				0E91B5C428C2DA7300C63D59 /* TabBar.swift in Sources */,
				0E91B5D728C4D81D00C63D59 /* CategoryView.swift in Sources */,
				0E91B5D428C4C76700C63D59 /* RecipeView.swift in Sources */,
				0E91B5D128C4969800C63D59 /* RecipeList.swift in Sources */,
				0E91B5B328C2D6B300C63D59 /* HomeView.swift in Sources */,
				0E91B59228C2CBB900C63D59 /* ContentView.swift in Sources */,
				0EB58B2C28DF492F009B2389 /* Database.swift in Sources */,
				0EE0139F28C80E9100FFBF67 /* RecipesViewModel.swift in Sources */,
				0E91B59028C2CBB900C63D59 /* RecipeAppApp.swift in Sources */,
				0E91B5C928C415E700C63D59 /* RecipeModel.swift in Sources */,
				0E2691F028F6ECE900CCFB47 /* UserModel.swift in Sources */,
				0E2691ED28F6C7DE00CCFB47 /* RecipeCard.swift in Sources */,
			);
			runOnlyForDeploymentPostprocessing = 0;
		};
		0E91B57128C2CBB900C63D59 /* Sources */ = {
			isa = PBXSourcesBuildPhase;
			buildActionMask = 2147483647;
			files = (
				0E2691EE28F6C7DE00CCFB47 /* RecipeCard.swift in Sources */,
				0E91B5DB28C4DBAC00C63D59 /* AddRecipeView.swift in Sources */,
				0E91B5B728C2D6C300C63D59 /* CategoriesView.swift in Sources */,
				0E91B5BD28C2D6E500C63D59 /* FavoritesView.swift in Sources */,
				0E91B5C528C2DA7300C63D59 /* TabBar.swift in Sources */,
				0E91B5D828C4D81D00C63D59 /* CategoryView.swift in Sources */,
				0E91B5D528C4C76700C63D59 /* RecipeView.swift in Sources */,
				0E91B5D228C4969800C63D59 /* RecipeList.swift in Sources */,
				0E2691F128F6ECE900CCFB47 /* UserModel.swift in Sources */,
				0E00226E28F82AB200955384 /* SQLiteCommands.swift in Sources */,
				0E91B5B428C2D6B300C63D59 /* HomeView.swift in Sources */,
				0E91B59328C2CBB900C63D59 /* ContentView.swift in Sources */,
				0E91B59128C2CBB900C63D59 /* RecipeAppApp.swift in Sources */,
				0EB58B2D28DF492F009B2389 /* Database.swift in Sources */,
				0E91B5CA28C415E700C63D59 /* RecipeModel.swift in Sources */,
			);
			runOnlyForDeploymentPostprocessing = 0;
		};
		0E91B57828C2CBB900C63D59 /* Sources */ = {
			isa = PBXSourcesBuildPhase;
			buildActionMask = 2147483647;
			files = (
				0E91B58328C2CBB900C63D59 /* Tests_iOSLaunchTests.swift in Sources */,
				0E91B58128C2CBB900C63D59 /* Tests_iOS.swift in Sources */,
			);
			runOnlyForDeploymentPostprocessing = 0;
		};
		0E91B58428C2CBB900C63D59 /* Sources */ = {
			isa = PBXSourcesBuildPhase;
			buildActionMask = 2147483647;
			files = (
				0E91B58F28C2CBB900C63D59 /* Tests_macOSLaunchTests.swift in Sources */,
				0E91B58D28C2CBB900C63D59 /* Tests_macOS.swift in Sources */,
			);
			runOnlyForDeploymentPostprocessing = 0;
		};
/* End PBXSourcesBuildPhase section */

/* Begin PBXTargetDependency section */
		0E91B57E28C2CBB900C63D59 /* PBXTargetDependency */ = {
			isa = PBXTargetDependency;
			target = 0E91B56E28C2CBB900C63D59 /* RecipeApp (iOS) */;
			targetProxy = 0E91B57D28C2CBB900C63D59 /* PBXContainerItemProxy */;
		};
		0E91B58A28C2CBB900C63D59 /* PBXTargetDependency */ = {
			isa = PBXTargetDependency;
			target = 0E91B57428C2CBB900C63D59 /* RecipeApp (macOS) */;
			targetProxy = 0E91B58928C2CBB900C63D59 /* PBXContainerItemProxy */;
		};
/* End PBXTargetDependency section */

/* Begin XCBuildConfiguration section */
		0E91B59628C2CBB900C63D59 /* Debug */ = {
			isa = XCBuildConfiguration;
			buildSettings = {
				ALWAYS_SEARCH_USER_PATHS = NO;
				CLANG_ANALYZER_NONNULL = YES;
				CLANG_ANALYZER_NUMBER_OBJECT_CONVERSION = YES_AGGRESSIVE;
				CLANG_CXX_LANGUAGE_STANDARD = "gnu++17";
				CLANG_ENABLE_MODULES = YES;
				CLANG_ENABLE_OBJC_ARC = YES;
				CLANG_ENABLE_OBJC_WEAK = YES;
				CLANG_WARN_BLOCK_CAPTURE_AUTORELEASING = YES;
				CLANG_WARN_BOOL_CONVERSION = YES;
				CLANG_WARN_COMMA = YES;
				CLANG_WARN_CONSTANT_CONVERSION = YES;
				CLANG_WARN_DEPRECATED_OBJC_IMPLEMENTATIONS = YES;
				CLANG_WARN_DIRECT_OBJC_ISA_USAGE = YES_ERROR;
				CLANG_WARN_DOCUMENTATION_COMMENTS = YES;
				CLANG_WARN_EMPTY_BODY = YES;
				CLANG_WARN_ENUM_CONVERSION = YES;
				CLANG_WARN_INFINITE_RECURSION = YES;
				CLANG_WARN_INT_CONVERSION = YES;
				CLANG_WARN_NON_LITERAL_NULL_CONVERSION = YES;
				CLANG_WARN_OBJC_IMPLICIT_RETAIN_SELF = YES;
				CLANG_WARN_OBJC_LITERAL_CONVERSION = YES;
				CLANG_WARN_OBJC_ROOT_CLASS = YES_ERROR;
				CLANG_WARN_QUOTED_INCLUDE_IN_FRAMEWORK_HEADER = YES;
				CLANG_WARN_RANGE_LOOP_ANALYSIS = YES;
				CLANG_WARN_STRICT_PROTOTYPES = YES;
				CLANG_WARN_SUSPICIOUS_MOVE = YES;
				CLANG_WARN_UNGUARDED_AVAILABILITY = YES_AGGRESSIVE;
				CLANG_WARN_UNREACHABLE_CODE = YES;
				CLANG_WARN__DUPLICATE_METHOD_MATCH = YES;
				COPY_PHASE_STRIP = NO;
				DEBUG_INFORMATION_FORMAT = dwarf;
				ENABLE_STRICT_OBJC_MSGSEND = YES;
				ENABLE_TESTABILITY = YES;
				GCC_C_LANGUAGE_STANDARD = gnu11;
				GCC_DYNAMIC_NO_PIC = NO;
				GCC_NO_COMMON_BLOCKS = YES;
				GCC_OPTIMIZATION_LEVEL = 0;
				GCC_PREPROCESSOR_DEFINITIONS = (
					"DEBUG=1",
					"$(inherited)",
				);
				GCC_WARN_64_TO_32_BIT_CONVERSION = YES;
				GCC_WARN_ABOUT_RETURN_TYPE = YES_ERROR;
				GCC_WARN_UNDECLARED_SELECTOR = YES;
				GCC_WARN_UNINITIALIZED_AUTOS = YES_AGGRESSIVE;
				GCC_WARN_UNUSED_FUNCTION = YES;
				GCC_WARN_UNUSED_VARIABLE = YES;
				MTL_ENABLE_DEBUG_INFO = INCLUDE_SOURCE;
				MTL_FAST_MATH = YES;
				ONLY_ACTIVE_ARCH = YES;
				SWIFT_ACTIVE_COMPILATION_CONDITIONS = DEBUG;
				SWIFT_OPTIMIZATION_LEVEL = "-Onone";
			};
			name = Debug;
		};
		0E91B59728C2CBB900C63D59 /* Release */ = {
			isa = XCBuildConfiguration;
			buildSettings = {
				ALWAYS_SEARCH_USER_PATHS = NO;
				CLANG_ANALYZER_NONNULL = YES;
				CLANG_ANALYZER_NUMBER_OBJECT_CONVERSION = YES_AGGRESSIVE;
				CLANG_CXX_LANGUAGE_STANDARD = "gnu++17";
				CLANG_ENABLE_MODULES = YES;
				CLANG_ENABLE_OBJC_ARC = YES;
				CLANG_ENABLE_OBJC_WEAK = YES;
				CLANG_WARN_BLOCK_CAPTURE_AUTORELEASING = YES;
				CLANG_WARN_BOOL_CONVERSION = YES;
				CLANG_WARN_COMMA = YES;
				CLANG_WARN_CONSTANT_CONVERSION = YES;
				CLANG_WARN_DEPRECATED_OBJC_IMPLEMENTATIONS = YES;
				CLANG_WARN_DIRECT_OBJC_ISA_USAGE = YES_ERROR;
				CLANG_WARN_DOCUMENTATION_COMMENTS = YES;
				CLANG_WARN_EMPTY_BODY = YES;
				CLANG_WARN_ENUM_CONVERSION = YES;
				CLANG_WARN_INFINITE_RECURSION = YES;
				CLANG_WARN_INT_CONVERSION = YES;
				CLANG_WARN_NON_LITERAL_NULL_CONVERSION = YES;
				CLANG_WARN_OBJC_IMPLICIT_RETAIN_SELF = YES;
				CLANG_WARN_OBJC_LITERAL_CONVERSION = YES;
				CLANG_WARN_OBJC_ROOT_CLASS = YES_ERROR;
				CLANG_WARN_QUOTED_INCLUDE_IN_FRAMEWORK_HEADER = YES;
				CLANG_WARN_RANGE_LOOP_ANALYSIS = YES;
				CLANG_WARN_STRICT_PROTOTYPES = YES;
				CLANG_WARN_SUSPICIOUS_MOVE = YES;
				CLANG_WARN_UNGUARDED_AVAILABILITY = YES_AGGRESSIVE;
				CLANG_WARN_UNREACHABLE_CODE = YES;
				CLANG_WARN__DUPLICATE_METHOD_MATCH = YES;
				COPY_PHASE_STRIP = NO;
				DEBUG_INFORMATION_FORMAT = "dwarf-with-dsym";
				ENABLE_NS_ASSERTIONS = NO;
				ENABLE_STRICT_OBJC_MSGSEND = YES;
				GCC_C_LANGUAGE_STANDARD = gnu11;
				GCC_NO_COMMON_BLOCKS = YES;
				GCC_WARN_64_TO_32_BIT_CONVERSION = YES;
				GCC_WARN_ABOUT_RETURN_TYPE = YES_ERROR;
				GCC_WARN_UNDECLARED_SELECTOR = YES;
				GCC_WARN_UNINITIALIZED_AUTOS = YES_AGGRESSIVE;
				GCC_WARN_UNUSED_FUNCTION = YES;
				GCC_WARN_UNUSED_VARIABLE = YES;
				MTL_ENABLE_DEBUG_INFO = NO;
				MTL_FAST_MATH = YES;
				SWIFT_COMPILATION_MODE = wholemodule;
				SWIFT_OPTIMIZATION_LEVEL = "-O";
			};
			name = Release;
		};
		0E91B59928C2CBB900C63D59 /* Debug */ = {
			isa = XCBuildConfiguration;
			baseConfigurationReference = 395BEF2D19A1DACE4B2938D8 /* Pods-RecipeApp (iOS).debug.xcconfig */;
			buildSettings = {
				ASSETCATALOG_COMPILER_APPICON_NAME = AppIcon;
				ASSETCATALOG_COMPILER_GLOBAL_ACCENT_COLOR_NAME = AccentColor;
				CODE_SIGN_STYLE = Automatic;
				CURRENT_PROJECT_VERSION = 1;
				DEVELOPMENT_TEAM = 2JCU8KMU7P;
				ENABLE_PREVIEWS = YES;
				GENERATE_INFOPLIST_FILE = YES;
				INFOPLIST_KEY_UIApplicationSceneManifest_Generation = YES;
				INFOPLIST_KEY_UIApplicationSupportsIndirectInputEvents = YES;
				INFOPLIST_KEY_UILaunchScreen_Generation = YES;
				INFOPLIST_KEY_UISupportedInterfaceOrientations_iPad = "UIInterfaceOrientationPortrait UIInterfaceOrientationPortraitUpsideDown UIInterfaceOrientationLandscapeLeft UIInterfaceOrientationLandscapeRight";
				INFOPLIST_KEY_UISupportedInterfaceOrientations_iPhone = "UIInterfaceOrientationPortrait UIInterfaceOrientationLandscapeLeft UIInterfaceOrientationLandscapeRight";
				IPHONEOS_DEPLOYMENT_TARGET = 15.5;
				LD_RUNPATH_SEARCH_PATHS = (
					"$(inherited)",
					"@executable_path/Frameworks",
				);
				MARKETING_VERSION = 1.0;
				PRODUCT_BUNDLE_IDENTIFIER = Alberiana.RecipeApp;
				PRODUCT_NAME = RecipeApp;
				SDKROOT = iphoneos;
				SWIFT_EMIT_LOC_STRINGS = YES;
				SWIFT_VERSION = 5.0;
				TARGETED_DEVICE_FAMILY = "1,2";
			};
			name = Debug;
		};
		0E91B59A28C2CBB900C63D59 /* Release */ = {
			isa = XCBuildConfiguration;
			baseConfigurationReference = 349F368D1C30A9F7AA813FF0 /* Pods-RecipeApp (iOS).release.xcconfig */;
			buildSettings = {
				ASSETCATALOG_COMPILER_APPICON_NAME = AppIcon;
				ASSETCATALOG_COMPILER_GLOBAL_ACCENT_COLOR_NAME = AccentColor;
				CODE_SIGN_STYLE = Automatic;
				CURRENT_PROJECT_VERSION = 1;
				DEVELOPMENT_TEAM = 2JCU8KMU7P;
				ENABLE_PREVIEWS = YES;
				GENERATE_INFOPLIST_FILE = YES;
				INFOPLIST_KEY_UIApplicationSceneManifest_Generation = YES;
				INFOPLIST_KEY_UIApplicationSupportsIndirectInputEvents = YES;
				INFOPLIST_KEY_UILaunchScreen_Generation = YES;
				INFOPLIST_KEY_UISupportedInterfaceOrientations_iPad = "UIInterfaceOrientationPortrait UIInterfaceOrientationPortraitUpsideDown UIInterfaceOrientationLandscapeLeft UIInterfaceOrientationLandscapeRight";
				INFOPLIST_KEY_UISupportedInterfaceOrientations_iPhone = "UIInterfaceOrientationPortrait UIInterfaceOrientationLandscapeLeft UIInterfaceOrientationLandscapeRight";
				IPHONEOS_DEPLOYMENT_TARGET = 15.5;
				LD_RUNPATH_SEARCH_PATHS = (
					"$(inherited)",
					"@executable_path/Frameworks",
				);
				MARKETING_VERSION = 1.0;
				PRODUCT_BUNDLE_IDENTIFIER = Alberiana.RecipeApp;
				PRODUCT_NAME = RecipeApp;
				SDKROOT = iphoneos;
				SWIFT_EMIT_LOC_STRINGS = YES;
				SWIFT_VERSION = 5.0;
				TARGETED_DEVICE_FAMILY = "1,2";
				VALIDATE_PRODUCT = YES;
			};
			name = Release;
		};
		0E91B59C28C2CBB900C63D59 /* Debug */ = {
			isa = XCBuildConfiguration;
			baseConfigurationReference = 8D96B2D0590D7DB28308D07F /* Pods-RecipeApp (macOS).debug.xcconfig */;
			buildSettings = {
				ASSETCATALOG_COMPILER_APPICON_NAME = AppIcon;
				ASSETCATALOG_COMPILER_GLOBAL_ACCENT_COLOR_NAME = AccentColor;
				CODE_SIGN_ENTITLEMENTS = macOS/macOS.entitlements;
				CODE_SIGN_STYLE = Automatic;
				COMBINE_HIDPI_IMAGES = YES;
				CURRENT_PROJECT_VERSION = 1;
				ENABLE_PREVIEWS = YES;
				GENERATE_INFOPLIST_FILE = YES;
				INFOPLIST_KEY_NSHumanReadableCopyright = "";
				LD_RUNPATH_SEARCH_PATHS = (
					"$(inherited)",
					"@executable_path/../Frameworks",
				);
				MACOSX_DEPLOYMENT_TARGET = 12.3;
				MARKETING_VERSION = 1.0;
				PRODUCT_BUNDLE_IDENTIFIER = Alberiana.RecipeApp;
				PRODUCT_NAME = RecipeApp;
				SDKROOT = macosx;
				SWIFT_EMIT_LOC_STRINGS = YES;
				SWIFT_VERSION = 5.0;
			};
			name = Debug;
		};
		0E91B59D28C2CBB900C63D59 /* Release */ = {
			isa = XCBuildConfiguration;
			baseConfigurationReference = 75C04B071E38365F84C0454E /* Pods-RecipeApp (macOS).release.xcconfig */;
			buildSettings = {
				ASSETCATALOG_COMPILER_APPICON_NAME = AppIcon;
				ASSETCATALOG_COMPILER_GLOBAL_ACCENT_COLOR_NAME = AccentColor;
				CODE_SIGN_ENTITLEMENTS = macOS/macOS.entitlements;
				CODE_SIGN_STYLE = Automatic;
				COMBINE_HIDPI_IMAGES = YES;
				CURRENT_PROJECT_VERSION = 1;
				ENABLE_PREVIEWS = YES;
				GENERATE_INFOPLIST_FILE = YES;
				INFOPLIST_KEY_NSHumanReadableCopyright = "";
				LD_RUNPATH_SEARCH_PATHS = (
					"$(inherited)",
					"@executable_path/../Frameworks",
				);
				MACOSX_DEPLOYMENT_TARGET = 12.3;
				MARKETING_VERSION = 1.0;
				PRODUCT_BUNDLE_IDENTIFIER = Alberiana.RecipeApp;
				PRODUCT_NAME = RecipeApp;
				SDKROOT = macosx;
				SWIFT_EMIT_LOC_STRINGS = YES;
				SWIFT_VERSION = 5.0;
			};
			name = Release;
		};
		0E91B59F28C2CBB900C63D59 /* Debug */ = {
			isa = XCBuildConfiguration;
			buildSettings = {
				ALWAYS_EMBED_SWIFT_STANDARD_LIBRARIES = YES;
				CODE_SIGN_STYLE = Automatic;
				CURRENT_PROJECT_VERSION = 1;
				GENERATE_INFOPLIST_FILE = YES;
				IPHONEOS_DEPLOYMENT_TARGET = 15.5;
				MARKETING_VERSION = 1.0;
				PRODUCT_BUNDLE_IDENTIFIER = "Alberiana.Tests-iOS";
				PRODUCT_NAME = "$(TARGET_NAME)";
				SDKROOT = iphoneos;
				SWIFT_EMIT_LOC_STRINGS = NO;
				SWIFT_VERSION = 5.0;
				TARGETED_DEVICE_FAMILY = "1,2";
				TEST_TARGET_NAME = "RecipeApp (iOS)";
			};
			name = Debug;
		};
		0E91B5A028C2CBB900C63D59 /* Release */ = {
			isa = XCBuildConfiguration;
			buildSettings = {
				ALWAYS_EMBED_SWIFT_STANDARD_LIBRARIES = YES;
				CODE_SIGN_STYLE = Automatic;
				CURRENT_PROJECT_VERSION = 1;
				GENERATE_INFOPLIST_FILE = YES;
				IPHONEOS_DEPLOYMENT_TARGET = 15.5;
				MARKETING_VERSION = 1.0;
				PRODUCT_BUNDLE_IDENTIFIER = "Alberiana.Tests-iOS";
				PRODUCT_NAME = "$(TARGET_NAME)";
				SDKROOT = iphoneos;
				SWIFT_EMIT_LOC_STRINGS = NO;
				SWIFT_VERSION = 5.0;
				TARGETED_DEVICE_FAMILY = "1,2";
				TEST_TARGET_NAME = "RecipeApp (iOS)";
				VALIDATE_PRODUCT = YES;
			};
			name = Release;
		};
		0E91B5A228C2CBB900C63D59 /* Debug */ = {
			isa = XCBuildConfiguration;
			buildSettings = {
				ALWAYS_EMBED_SWIFT_STANDARD_LIBRARIES = YES;
				CODE_SIGN_STYLE = Automatic;
				CURRENT_PROJECT_VERSION = 1;
				GENERATE_INFOPLIST_FILE = YES;
				MACOSX_DEPLOYMENT_TARGET = 12.3;
				MARKETING_VERSION = 1.0;
				PRODUCT_BUNDLE_IDENTIFIER = "Alberiana.Tests-macOS";
				PRODUCT_NAME = "$(TARGET_NAME)";
				SDKROOT = macosx;
				SWIFT_EMIT_LOC_STRINGS = NO;
				SWIFT_VERSION = 5.0;
				TEST_TARGET_NAME = "RecipeApp (macOS)";
			};
			name = Debug;
		};
		0E91B5A328C2CBB900C63D59 /* Release */ = {
			isa = XCBuildConfiguration;
			buildSettings = {
				ALWAYS_EMBED_SWIFT_STANDARD_LIBRARIES = YES;
				CODE_SIGN_STYLE = Automatic;
				CURRENT_PROJECT_VERSION = 1;
				GENERATE_INFOPLIST_FILE = YES;
				MACOSX_DEPLOYMENT_TARGET = 12.3;
				MARKETING_VERSION = 1.0;
				PRODUCT_BUNDLE_IDENTIFIER = "Alberiana.Tests-macOS";
				PRODUCT_NAME = "$(TARGET_NAME)";
				SDKROOT = macosx;
				SWIFT_EMIT_LOC_STRINGS = NO;
				SWIFT_VERSION = 5.0;
				TEST_TARGET_NAME = "RecipeApp (macOS)";
			};
			name = Release;
		};
/* End XCBuildConfiguration section */

/* Begin XCConfigurationList section */
		0E91B56628C2CBB700C63D59 /* Build configuration list for PBXProject "RecipeApp" */ = {
			isa = XCConfigurationList;
			buildConfigurations = (
				0E91B59628C2CBB900C63D59 /* Debug */,
				0E91B59728C2CBB900C63D59 /* Release */,
			);
			defaultConfigurationIsVisible = 0;
			defaultConfigurationName = Release;
		};
		0E91B59828C2CBB900C63D59 /* Build configuration list for PBXNativeTarget "RecipeApp (iOS)" */ = {
			isa = XCConfigurationList;
			buildConfigurations = (
				0E91B59928C2CBB900C63D59 /* Debug */,
				0E91B59A28C2CBB900C63D59 /* Release */,
			);
			defaultConfigurationIsVisible = 0;
			defaultConfigurationName = Release;
		};
		0E91B59B28C2CBB900C63D59 /* Build configuration list for PBXNativeTarget "RecipeApp (macOS)" */ = {
			isa = XCConfigurationList;
			buildConfigurations = (
				0E91B59C28C2CBB900C63D59 /* Debug */,
				0E91B59D28C2CBB900C63D59 /* Release */,
			);
			defaultConfigurationIsVisible = 0;
			defaultConfigurationName = Release;
		};
		0E91B59E28C2CBB900C63D59 /* Build configuration list for PBXNativeTarget "Tests iOS" */ = {
			isa = XCConfigurationList;
			buildConfigurations = (
				0E91B59F28C2CBB900C63D59 /* Debug */,
				0E91B5A028C2CBB900C63D59 /* Release */,
			);
			defaultConfigurationIsVisible = 0;
			defaultConfigurationName = Release;
		};
		0E91B5A128C2CBB900C63D59 /* Build configuration list for PBXNativeTarget "Tests macOS" */ = {
			isa = XCConfigurationList;
			buildConfigurations = (
				0E91B5A228C2CBB900C63D59 /* Debug */,
				0E91B5A328C2CBB900C63D59 /* Release */,
			);
			defaultConfigurationIsVisible = 0;
			defaultConfigurationName = Release;
		};
/* End XCConfigurationList section */

/* Begin XCRemoteSwiftPackageReference section */
		0E00226928F81FCD00955384 /* XCRemoteSwiftPackageReference "SQLite.swift" */ = {
			isa = XCRemoteSwiftPackageReference;
			repositoryURL = "https://github.com/stephencelis/SQLite.swift.git";
			requirement = {
				kind = upToNextMajorVersion;
				minimumVersion = 0.9.2;
			};
		};
/* End XCRemoteSwiftPackageReference section */

/* Begin XCSwiftPackageProductDependency section */
		0E00226A28F81FCD00955384 /* SQLite */ = {
			isa = XCSwiftPackageProductDependency;
			package = 0E00226928F81FCD00955384 /* XCRemoteSwiftPackageReference "SQLite.swift" */;
			productName = SQLite;
		};
/* End XCSwiftPackageProductDependency section */
	};
	rootObject = 0E91B56328C2CBB700C63D59 /* Project object */;
}
